// !$*UTF8*$!
{
	archiveVersion = 1;
	classes = {
	};
	objectVersion = 46;
	objects = {

/* Begin PBXBuildFile section */
		D9AC900C19A91E63003E99EC /* main.m in Sources */ = {isa = PBXBuildFile; fileRef = D9AC900B19A91E63003E99EC /* main.m */; };
		D9AC900F19A91E63003E99EC /* AppDelegate.m in Sources */ = {isa = PBXBuildFile; fileRef = D9AC900E19A91E63003E99EC /* AppDelegate.m */; };
		D9AC901219A91E63003E99EC /* ViewController.m in Sources */ = {isa = PBXBuildFile; fileRef = D9AC901119A91E63003E99EC /* ViewController.m */; };
		D9AC901519A91E63003E99EC /* Main.storyboard in Resources */ = {isa = PBXBuildFile; fileRef = D9AC901319A91E63003E99EC /* Main.storyboard */; };
		D9AC901719A91E63003E99EC /* Images.xcassets in Resources */ = {isa = PBXBuildFile; fileRef = D9AC901619A91E63003E99EC /* Images.xcassets */; };
		D9AC902319A91E64003E99EC /* SomethingsFishyTests.m in Sources */ = {isa = PBXBuildFile; fileRef = D9AC902219A91E64003E99EC /* SomethingsFishyTests.m */; };
		D9AC905D19A93529003E99EC /* DirectDisplayShader.fsh in Resources */ = {isa = PBXBuildFile; fileRef = D9AC905719A93529003E99EC /* DirectDisplayShader.fsh */; };
		D9AC905E19A93529003E99EC /* DirectDisplayShader.vsh in Resources */ = {isa = PBXBuildFile; fileRef = D9AC905819A93529003E99EC /* DirectDisplayShader.vsh */; };
		D9AC905F19A93529003E99EC /* PositionShader.fsh in Resources */ = {isa = PBXBuildFile; fileRef = D9AC905919A93529003E99EC /* PositionShader.fsh */; };
		D9AC906019A93529003E99EC /* PositionShader.vsh in Resources */ = {isa = PBXBuildFile; fileRef = D9AC905A19A93529003E99EC /* PositionShader.vsh */; };
		D9AC906119A93529003E99EC /* ThresholdShader.fsh in Resources */ = {isa = PBXBuildFile; fileRef = D9AC905B19A93529003E99EC /* ThresholdShader.fsh */; };
		D9AC906219A93529003E99EC /* ThresholdShader.vsh in Resources */ = {isa = PBXBuildFile; fileRef = D9AC905C19A93529003E99EC /* ThresholdShader.vsh */; };
		D9AC906519A93587003E99EC /* ColorTrackingGLView.m in Sources */ = {isa = PBXBuildFile; fileRef = D9AC906419A93587003E99EC /* ColorTrackingGLView.m */; };
		D9AC906719A935F2003E99EC /* OpenGLES.framework in Frameworks */ = {isa = PBXBuildFile; fileRef = D9AC906619A935F2003E99EC /* OpenGLES.framework */; };
		D9AC906A19A9362D003E99EC /* QuartzCore.framework in Frameworks */ = {isa = PBXBuildFile; fileRef = D9AC906919A9362D003E99EC /* QuartzCore.framework */; };
		D9AC906D19A93787003E99EC /* ColorTrackingCamera.m in Sources */ = {isa = PBXBuildFile; fileRef = D9AC906C19A93787003E99EC /* ColorTrackingCamera.m */; };
		D9AC906F19A93792003E99EC /* CoreMedia.framework in Frameworks */ = {isa = PBXBuildFile; fileRef = D9AC906E19A93792003E99EC /* CoreMedia.framework */; };
		D9AC907119A9379A003E99EC /* AVFoundation.framework in Frameworks */ = {isa = PBXBuildFile; fileRef = D9AC907019A9379A003E99EC /* AVFoundation.framework */; };
/* End PBXBuildFile section */

/* Begin PBXContainerItemProxy section */
		D9AC901D19A91E64003E99EC /* PBXContainerItemProxy */ = {
			isa = PBXContainerItemProxy;
			containerPortal = D9AC8FFE19A91E63003E99EC /* Project object */;
			proxyType = 1;
			remoteGlobalIDString = D9AC900519A91E63003E99EC;
			remoteInfo = SomethingsFishy;
		};
/* End PBXContainerItemProxy section */

/* Begin PBXFileReference section */
		D9AC900619A91E63003E99EC /* SomethingsFishy.app */ = {isa = PBXFileReference; explicitFileType = wrapper.application; includeInIndex = 0; path = SomethingsFishy.app; sourceTree = BUILT_PRODUCTS_DIR; };
		D9AC900A19A91E63003E99EC /* Info.plist */ = {isa = PBXFileReference; lastKnownFileType = text.plist.xml; path = Info.plist; sourceTree = "<group>"; };
		D9AC900B19A91E63003E99EC /* main.m */ = {isa = PBXFileReference; lastKnownFileType = sourcecode.c.objc; path = main.m; sourceTree = "<group>"; };
		D9AC900D19A91E63003E99EC /* AppDelegate.h */ = {isa = PBXFileReference; lastKnownFileType = sourcecode.c.h; path = AppDelegate.h; sourceTree = "<group>"; };
		D9AC900E19A91E63003E99EC /* AppDelegate.m */ = {isa = PBXFileReference; lastKnownFileType = sourcecode.c.objc; path = AppDelegate.m; sourceTree = "<group>"; };
		D9AC901019A91E63003E99EC /* ViewController.h */ = {isa = PBXFileReference; lastKnownFileType = sourcecode.c.h; path = ViewController.h; sourceTree = "<group>"; };
		D9AC901119A91E63003E99EC /* ViewController.m */ = {isa = PBXFileReference; lastKnownFileType = sourcecode.c.objc; path = ViewController.m; sourceTree = "<group>"; };
		D9AC901419A91E63003E99EC /* Base */ = {isa = PBXFileReference; lastKnownFileType = file.storyboard; name = Base; path = Base.lproj/Main.storyboard; sourceTree = "<group>"; };
		D9AC901619A91E63003E99EC /* Images.xcassets */ = {isa = PBXFileReference; lastKnownFileType = folder.assetcatalog; path = Images.xcassets; sourceTree = "<group>"; };
		D9AC901C19A91E64003E99EC /* SomethingsFishyTests.xctest */ = {isa = PBXFileReference; explicitFileType = wrapper.cfbundle; includeInIndex = 0; path = SomethingsFishyTests.xctest; sourceTree = BUILT_PRODUCTS_DIR; };
		D9AC902119A91E64003E99EC /* Info.plist */ = {isa = PBXFileReference; lastKnownFileType = text.plist.xml; path = Info.plist; sourceTree = "<group>"; };
		D9AC902219A91E64003E99EC /* SomethingsFishyTests.m */ = {isa = PBXFileReference; lastKnownFileType = sourcecode.c.objc; path = SomethingsFishyTests.m; sourceTree = "<group>"; };
		D9AC905719A93529003E99EC /* DirectDisplayShader.fsh */ = {isa = PBXFileReference; fileEncoding = 4; lastKnownFileType = sourcecode.glsl; path = DirectDisplayShader.fsh; sourceTree = "<group>"; };
		D9AC905819A93529003E99EC /* DirectDisplayShader.vsh */ = {isa = PBXFileReference; fileEncoding = 4; lastKnownFileType = sourcecode.glsl; path = DirectDisplayShader.vsh; sourceTree = "<group>"; };
		D9AC905919A93529003E99EC /* PositionShader.fsh */ = {isa = PBXFileReference; fileEncoding = 4; lastKnownFileType = sourcecode.glsl; path = PositionShader.fsh; sourceTree = "<group>"; };
		D9AC905A19A93529003E99EC /* PositionShader.vsh */ = {isa = PBXFileReference; fileEncoding = 4; lastKnownFileType = sourcecode.glsl; path = PositionShader.vsh; sourceTree = "<group>"; };
		D9AC905B19A93529003E99EC /* ThresholdShader.fsh */ = {isa = PBXFileReference; fileEncoding = 4; lastKnownFileType = sourcecode.glsl; path = ThresholdShader.fsh; sourceTree = "<group>"; };
		D9AC905C19A93529003E99EC /* ThresholdShader.vsh */ = {isa = PBXFileReference; fileEncoding = 4; lastKnownFileType = sourcecode.glsl; path = ThresholdShader.vsh; sourceTree = "<group>"; };
		D9AC906319A93587003E99EC /* ColorTrackingGLView.h */ = {isa = PBXFileReference; fileEncoding = 4; lastKnownFileType = sourcecode.c.h; path = ColorTrackingGLView.h; sourceTree = "<group>"; };
		D9AC906419A93587003E99EC /* ColorTrackingGLView.m */ = {isa = PBXFileReference; fileEncoding = 4; lastKnownFileType = sourcecode.c.objc; path = ColorTrackingGLView.m; sourceTree = "<group>"; };
		D9AC906619A935F2003E99EC /* OpenGLES.framework */ = {isa = PBXFileReference; lastKnownFileType = wrapper.framework; name = OpenGLES.framework; path = System/Library/Frameworks/OpenGLES.framework; sourceTree = SDKROOT; };
		D9AC906919A9362D003E99EC /* QuartzCore.framework */ = {isa = PBXFileReference; lastKnownFileType = wrapper.framework; name = QuartzCore.framework; path = System/Library/Frameworks/QuartzCore.framework; sourceTree = SDKROOT; };
		D9AC906B19A93787003E99EC /* ColorTrackingCamera.h */ = {isa = PBXFileReference; fileEncoding = 4; lastKnownFileType = sourcecode.c.h; path = ColorTrackingCamera.h; sourceTree = "<group>"; };
		D9AC906C19A93787003E99EC /* ColorTrackingCamera.m */ = {isa = PBXFileReference; fileEncoding = 4; lastKnownFileType = sourcecode.c.objc; path = ColorTrackingCamera.m; sourceTree = "<group>"; };
		D9AC906E19A93792003E99EC /* CoreMedia.framework */ = {isa = PBXFileReference; lastKnownFileType = wrapper.framework; name = CoreMedia.framework; path = System/Library/Frameworks/CoreMedia.framework; sourceTree = SDKROOT; };
		D9AC907019A9379A003E99EC /* AVFoundation.framework */ = {isa = PBXFileReference; lastKnownFileType = wrapper.framework; name = AVFoundation.framework; path = System/Library/Frameworks/AVFoundation.framework; sourceTree = SDKROOT; };
/* End PBXFileReference section */

/* Begin PBXFrameworksBuildPhase section */
		D9AC900319A91E63003E99EC /* Frameworks */ = {
			isa = PBXFrameworksBuildPhase;
			buildActionMask = 2147483647;
			files = (
				D9AC907119A9379A003E99EC /* AVFoundation.framework in Frameworks */,
				D9AC906F19A93792003E99EC /* CoreMedia.framework in Frameworks */,
				D9AC906A19A9362D003E99EC /* QuartzCore.framework in Frameworks */,
				D9AC906719A935F2003E99EC /* OpenGLES.framework in Frameworks */,
			);
			runOnlyForDeploymentPostprocessing = 0;
		};
		D9AC901919A91E64003E99EC /* Frameworks */ = {
			isa = PBXFrameworksBuildPhase;
			buildActionMask = 2147483647;
			files = (
			);
			runOnlyForDeploymentPostprocessing = 0;
		};
/* End PBXFrameworksBuildPhase section */

/* Begin PBXGroup section */
		D9AC8FFD19A91E63003E99EC = {
			isa = PBXGroup;
			children = (
				D9AC900819A91E63003E99EC /* SomethingsFishy */,
				D9AC901F19A91E64003E99EC /* SomethingsFishyTests */,
				D9AC900719A91E63003E99EC /* Products */,
				D9AC905619A93529003E99EC /* Shaders */,
				D9AC906819A93606003E99EC /* Frameworks */,
			);
			sourceTree = "<group>";
		};
		D9AC900719A91E63003E99EC /* Products */ = {
			isa = PBXGroup;
			children = (
				D9AC900619A91E63003E99EC /* SomethingsFishy.app */,
				D9AC901C19A91E64003E99EC /* SomethingsFishyTests.xctest */,
			);
			name = Products;
			sourceTree = "<group>";
		};
		D9AC900819A91E63003E99EC /* SomethingsFishy */ = {
			isa = PBXGroup;
			children = (
				D9AC900D19A91E63003E99EC /* AppDelegate.h */,
				D9AC900E19A91E63003E99EC /* AppDelegate.m */,
				D9AC901019A91E63003E99EC /* ViewController.h */,
				D9AC901119A91E63003E99EC /* ViewController.m */,
				D9AC906319A93587003E99EC /* ColorTrackingGLView.h */,
				D9AC906419A93587003E99EC /* ColorTrackingGLView.m */,
				D9AC906B19A93787003E99EC /* ColorTrackingCamera.h */,
				D9AC906C19A93787003E99EC /* ColorTrackingCamera.m */,
				D9AC901319A91E63003E99EC /* Main.storyboard */,
				D9AC901619A91E63003E99EC /* Images.xcassets */,
				D9AC900919A91E63003E99EC /* Supporting Files */,
			);
			path = SomethingsFishy;
			sourceTree = "<group>";
		};
		D9AC900919A91E63003E99EC /* Supporting Files */ = {
			isa = PBXGroup;
			children = (
				D9AC900A19A91E63003E99EC /* Info.plist */,
				D9AC900B19A91E63003E99EC /* main.m */,
			);
			name = "Supporting Files";
			sourceTree = "<group>";
		};
		D9AC901F19A91E64003E99EC /* SomethingsFishyTests */ = {
			isa = PBXGroup;
			children = (
				D9AC902219A91E64003E99EC /* SomethingsFishyTests.m */,
				D9AC902019A91E64003E99EC /* Supporting Files */,
			);
			path = SomethingsFishyTests;
			sourceTree = "<group>";
		};
		D9AC902019A91E64003E99EC /* Supporting Files */ = {
			isa = PBXGroup;
			children = (
				D9AC902119A91E64003E99EC /* Info.plist */,
			);
			name = "Supporting Files";
			sourceTree = "<group>";
		};
		D9AC905619A93529003E99EC /* Shaders */ = {
			isa = PBXGroup;
			children = (
				D9AC905719A93529003E99EC /* DirectDisplayShader.fsh */,
				D9AC905819A93529003E99EC /* DirectDisplayShader.vsh */,
				D9AC905919A93529003E99EC /* PositionShader.fsh */,
				D9AC905A19A93529003E99EC /* PositionShader.vsh */,
				D9AC905B19A93529003E99EC /* ThresholdShader.fsh */,
				D9AC905C19A93529003E99EC /* ThresholdShader.vsh */,
			);
			path = Shaders;
			sourceTree = "<group>";
		};
		D9AC906819A93606003E99EC /* Frameworks */ = {
			isa = PBXGroup;
			children = (
				D9AC907019A9379A003E99EC /* AVFoundation.framework */,
				D9AC906E19A93792003E99EC /* CoreMedia.framework */,
				D9AC906919A9362D003E99EC /* QuartzCore.framework */,
				D9AC906619A935F2003E99EC /* OpenGLES.framework */,
			);
			name = Frameworks;
			sourceTree = "<group>";
		};
/* End PBXGroup section */

/* Begin PBXNativeTarget section */
		D9AC900519A91E63003E99EC /* SomethingsFishy */ = {
			isa = PBXNativeTarget;
			buildConfigurationList = D9AC902619A91E64003E99EC /* Build configuration list for PBXNativeTarget "SomethingsFishy" */;
			buildPhases = (
				D9AC900219A91E63003E99EC /* Sources */,
				D9AC900319A91E63003E99EC /* Frameworks */,
				D9AC900419A91E63003E99EC /* Resources */,
			);
			buildRules = (
			);
			dependencies = (
			);
			name = SomethingsFishy;
			productName = SomethingsFishy;
			productReference = D9AC900619A91E63003E99EC /* SomethingsFishy.app */;
			productType = "com.apple.product-type.application";
		};
		D9AC901B19A91E64003E99EC /* SomethingsFishyTests */ = {
			isa = PBXNativeTarget;
			buildConfigurationList = D9AC902919A91E64003E99EC /* Build configuration list for PBXNativeTarget "SomethingsFishyTests" */;
			buildPhases = (
				D9AC901819A91E64003E99EC /* Sources */,
				D9AC901919A91E64003E99EC /* Frameworks */,
				D9AC901A19A91E64003E99EC /* Resources */,
			);
			buildRules = (
			);
			dependencies = (
				D9AC901E19A91E64003E99EC /* PBXTargetDependency */,
			);
			name = SomethingsFishyTests;
			productName = SomethingsFishyTests;
			productReference = D9AC901C19A91E64003E99EC /* SomethingsFishyTests.xctest */;
			productType = "com.apple.product-type.bundle.unit-test";
		};
/* End PBXNativeTarget section */

/* Begin PBXProject section */
		D9AC8FFE19A91E63003E99EC /* Project object */ = {
			isa = PBXProject;
			attributes = {
				CLASSPREFIX = STF;
				LastUpgradeCheck = 0600;
				ORGANIZATIONNAME = Apportable;
				TargetAttributes = {
					D9AC900519A91E63003E99EC = {
						CreatedOnToolsVersion = 6.0;
					};
					D9AC901B19A91E64003E99EC = {
						CreatedOnToolsVersion = 6.0;
						TestTargetID = D9AC900519A91E63003E99EC;
					};
				};
			};
			buildConfigurationList = D9AC900119A91E63003E99EC /* Build configuration list for PBXProject "SomethingsFishy" */;
			compatibilityVersion = "Xcode 3.2";
			developmentRegion = English;
			hasScannedForEncodings = 0;
			knownRegions = (
				en,
				Base,
			);
			mainGroup = D9AC8FFD19A91E63003E99EC;
			productRefGroup = D9AC900719A91E63003E99EC /* Products */;
			projectDirPath = "";
			projectRoot = "";
			targets = (
				D9AC900519A91E63003E99EC /* SomethingsFishy */,
				D9AC901B19A91E64003E99EC /* SomethingsFishyTests */,
			);
		};
/* End PBXProject section */

/* Begin PBXResourcesBuildPhase section */
		D9AC900419A91E63003E99EC /* Resources */ = {
			isa = PBXResourcesBuildPhase;
			buildActionMask = 2147483647;
			files = (
				D9AC905D19A93529003E99EC /* DirectDisplayShader.fsh in Resources */,
				D9AC905F19A93529003E99EC /* PositionShader.fsh in Resources */,
				D9AC906119A93529003E99EC /* ThresholdShader.fsh in Resources */,
				D9AC901519A91E63003E99EC /* Main.storyboard in Resources */,
				D9AC905E19A93529003E99EC /* DirectDisplayShader.vsh in Resources */,
				D9AC901719A91E63003E99EC /* Images.xcassets in Resources */,
				D9AC906219A93529003E99EC /* ThresholdShader.vsh in Resources */,
				D9AC906019A93529003E99EC /* PositionShader.vsh in Resources */,
			);
			runOnlyForDeploymentPostprocessing = 0;
		};
		D9AC901A19A91E64003E99EC /* Resources */ = {
			isa = PBXResourcesBuildPhase;
			buildActionMask = 2147483647;
			files = (
			);
			runOnlyForDeploymentPostprocessing = 0;
		};
/* End PBXResourcesBuildPhase section */

/* Begin PBXSourcesBuildPhase section */
		D9AC900219A91E63003E99EC /* Sources */ = {
			isa = PBXSourcesBuildPhase;
			buildActionMask = 2147483647;
			files = (
				D9AC906519A93587003E99EC /* ColorTrackingGLView.m in Sources */,
				D9AC901219A91E63003E99EC /* ViewController.m in Sources */,
				D9AC900F19A91E63003E99EC /* AppDelegate.m in Sources */,
				D9AC906D19A93787003E99EC /* ColorTrackingCamera.m in Sources */,
				D9AC900C19A91E63003E99EC /* main.m in Sources */,
			);
			runOnlyForDeploymentPostprocessing = 0;
		};
		D9AC901819A91E64003E99EC /* Sources */ = {
			isa = PBXSourcesBuildPhase;
			buildActionMask = 2147483647;
			files = (
				D9AC902319A91E64003E99EC /* SomethingsFishyTests.m in Sources */,
			);
			runOnlyForDeploymentPostprocessing = 0;
		};
/* End PBXSourcesBuildPhase section */

/* Begin PBXTargetDependency section */
		D9AC901E19A91E64003E99EC /* PBXTargetDependency */ = {
			isa = PBXTargetDependency;
			target = D9AC900519A91E63003E99EC /* SomethingsFishy */;
			targetProxy = D9AC901D19A91E64003E99EC /* PBXContainerItemProxy */;
		};
/* End PBXTargetDependency section */

/* Begin PBXVariantGroup section */
		D9AC901319A91E63003E99EC /* Main.storyboard */ = {
			isa = PBXVariantGroup;
			children = (
				D9AC901419A91E63003E99EC /* Base */,
			);
			name = Main.storyboard;
			sourceTree = "<group>";
		};
/* End PBXVariantGroup section */

/* Begin XCBuildConfiguration section */
		D9AC902419A91E64003E99EC /* Debug */ = {
			isa = XCBuildConfiguration;
			buildSettings = {
				ALWAYS_SEARCH_USER_PATHS = NO;
				CLANG_CXX_LANGUAGE_STANDARD = "gnu++0x";
				CLANG_CXX_LIBRARY = "libc++";
				CLANG_ENABLE_MODULES = YES;
				CLANG_ENABLE_OBJC_ARC = YES;
				CLANG_WARN_BOOL_CONVERSION = YES;
				CLANG_WARN_CONSTANT_CONVERSION = YES;
				CLANG_WARN_DIRECT_OBJC_ISA_USAGE = YES_ERROR;
				CLANG_WARN_EMPTY_BODY = YES;
				CLANG_WARN_ENUM_CONVERSION = YES;
				CLANG_WARN_INT_CONVERSION = YES;
				CLANG_WARN_OBJC_ROOT_CLASS = YES_ERROR;
				CLANG_WARN_UNREACHABLE_CODE = YES;
				CLANG_WARN__DUPLICATE_METHOD_MATCH = YES;
				"CODE_SIGN_IDENTITY[sdk=iphoneos*]" = "iPhone Developer";
				COPY_PHASE_STRIP = NO;
				ENABLE_STRICT_OBJC_MSGSEND = YES;
				GCC_C_LANGUAGE_STANDARD = gnu99;
				GCC_DYNAMIC_NO_PIC = NO;
				GCC_OPTIMIZATION_LEVEL = 0;
				GCC_PREPROCESSOR_DEFINITIONS = (
					"DEBUG=1",
					"$(inherited)",
				);
				GCC_SYMBOLS_PRIVATE_EXTERN = NO;
				GCC_WARN_64_TO_32_BIT_CONVERSION = YES;
				GCC_WARN_ABOUT_RETURN_TYPE = YES_ERROR;
				GCC_WARN_UNDECLARED_SELECTOR = YES;
				GCC_WARN_UNINITIALIZED_AUTOS = YES_AGGRESSIVE;
				GCC_WARN_UNUSED_FUNCTION = YES;
				GCC_WARN_UNUSED_VARIABLE = YES;
				IPHONEOS_DEPLOYMENT_TARGET = 8.0;
				MTL_ENABLE_DEBUG_INFO = YES;
				ONLY_ACTIVE_ARCH = YES;
				SDKROOT = iphoneos;
				TARGETED_DEVICE_FAMILY = "1,2";
			};
			name = Debug;
		};
		D9AC902519A91E64003E99EC /* Release */ = {
			isa = XCBuildConfiguration;
			buildSettings = {
				ALWAYS_SEARCH_USER_PATHS = NO;
				CLANG_CXX_LANGUAGE_STANDARD = "gnu++0x";
				CLANG_CXX_LIBRARY = "libc++";
				CLANG_ENABLE_MODULES = YES;
				CLANG_ENABLE_OBJC_ARC = YES;
				CLANG_WARN_BOOL_CONVERSION = YES;
				CLANG_WARN_CONSTANT_CONVERSION = YES;
				CLANG_WARN_DIRECT_OBJC_ISA_USAGE = YES_ERROR;
				CLANG_WARN_EMPTY_BODY = YES;
				CLANG_WARN_ENUM_CONVERSION = YES;
				CLANG_WARN_INT_CONVERSION = YES;
				CLANG_WARN_OBJC_ROOT_CLASS = YES_ERROR;
				CLANG_WARN_UNREACHABLE_CODE = YES;
				CLANG_WARN__DUPLICATE_METHOD_MATCH = YES;
				"CODE_SIGN_IDENTITY[sdk=iphoneos*]" = "iPhone Developer";
				COPY_PHASE_STRIP = YES;
				ENABLE_NS_ASSERTIONS = NO;
				ENABLE_STRICT_OBJC_MSGSEND = YES;
				GCC_C_LANGUAGE_STANDARD = gnu99;
				GCC_WARN_64_TO_32_BIT_CONVERSION = YES;
				GCC_WARN_ABOUT_RETURN_TYPE = YES_ERROR;
				GCC_WARN_UNDECLARED_SELECTOR = YES;
				GCC_WARN_UNINITIALIZED_AUTOS = YES_AGGRESSIVE;
				GCC_WARN_UNUSED_FUNCTION = YES;
				GCC_WARN_UNUSED_VARIABLE = YES;
				IPHONEOS_DEPLOYMENT_TARGET = 8.0;
				MTL_ENABLE_DEBUG_INFO = NO;
				SDKROOT = iphoneos;
				TARGETED_DEVICE_FAMILY = "1,2";
				VALIDATE_PRODUCT = YES;
			};
			name = Release;
		};
		D9AC902719A91E64003E99EC /* Debug */ = {
			isa = XCBuildConfiguration;
			buildSettings = {
				ASSETCATALOG_COMPILER_APPICON_NAME = AppIcon;
				ASSETCATALOG_COMPILER_LAUNCHIMAGE_NAME = LaunchImage;
				INFOPLIST_FILE = SomethingsFishy/Info.plist;
				LD_RUNPATH_SEARCH_PATHS = "$(inherited) @executable_path/Frameworks";
				PRODUCT_NAME = "$(TARGET_NAME)";
			};
			name = Debug;
		};
		D9AC902819A91E64003E99EC /* Release */ = {
			isa = XCBuildConfiguration;
			buildSettings = {
				ASSETCATALOG_COMPILER_APPICON_NAME = AppIcon;
				ASSETCATALOG_COMPILER_LAUNCHIMAGE_NAME = LaunchImage;
				INFOPLIST_FILE = SomethingsFishy/Info.plist;
				LD_RUNPATH_SEARCH_PATHS = "$(inherited) @executable_path/Frameworks";
				PRODUCT_NAME = "$(TARGET_NAME)";
			};
			name = Release;
		};
		D9AC902A19A91E64003E99EC /* Debug */ = {
			isa = XCBuildConfiguration;
			buildSettings = {
				BUNDLE_LOADER = "$(TEST_HOST)";
				FRAMEWORK_SEARCH_PATHS = (
					"$(SDKROOT)/Developer/Library/Frameworks",
					"$(inherited)",
				);
				GCC_PREPROCESSOR_DEFINITIONS = (
					"DEBUG=1",
					"$(inherited)",
				);
				INFOPLIST_FILE = SomethingsFishyTests/Info.plist;
				LD_RUNPATH_SEARCH_PATHS = "$(inherited) @executable_path/Frameworks @loader_path/Frameworks";
				PRODUCT_NAME = "$(TARGET_NAME)";
				TEST_HOST = "$(BUILT_PRODUCTS_DIR)/SomethingsFishy.app/SomethingsFishy";
			};
			name = Debug;
		};
		D9AC902B19A91E64003E99EC /* Release */ = {
			isa = XCBuildConfiguration;
			buildSettings = {
				BUNDLE_LOADER = "$(TEST_HOST)";
				FRAMEWORK_SEARCH_PATHS = (
					"$(SDKROOT)/Developer/Library/Frameworks",
					"$(inherited)",
				);
				INFOPLIST_FILE = SomethingsFishyTests/Info.plist;
				LD_RUNPATH_SEARCH_PATHS = "$(inherited) @executable_path/Frameworks @loader_path/Frameworks";
				PRODUCT_NAME = "$(TARGET_NAME)";
				TEST_HOST = "$(BUILT_PRODUCTS_DIR)/SomethingsFishy.app/SomethingsFishy";
			};
			name = Release;
		};
/* End XCBuildConfiguration section */

/* Begin XCConfigurationList section */
		D9AC900119A91E63003E99EC /* Build configuration list for PBXProject "SomethingsFishy" */ = {
			isa = XCConfigurationList;
			buildConfigurations = (
				D9AC902419A91E64003E99EC /* Debug */,
				D9AC902519A91E64003E99EC /* Release */,
			);
			defaultConfigurationIsVisible = 0;
			defaultConfigurationName = Release;
		};
		D9AC902619A91E64003E99EC /* Build configuration list for PBXNativeTarget "SomethingsFishy" */ = {
			isa = XCConfigurationList;
			buildConfigurations = (
				D9AC902719A91E64003E99EC /* Debug */,
				D9AC902819A91E64003E99EC /* Release */,
			);
			defaultConfigurationIsVisible = 0;
			defaultConfigurationName = Release;
		};
		D9AC902919A91E64003E99EC /* Build configuration list for PBXNativeTarget "SomethingsFishyTests" */ = {
			isa = XCConfigurationList;
			buildConfigurations = (
				D9AC902A19A91E64003E99EC /* Debug */,
				D9AC902B19A91E64003E99EC /* Release */,
			);
			defaultConfigurationIsVisible = 0;
			defaultConfigurationName = Release;
		};
/* End XCConfigurationList section */
	};
	rootObject = D9AC8FFE19A91E63003E99EC /* Project object */;
}
